
Microsoft Visual Studio Solution File, Format Version 12.00
# Visual Studio Version 17
VisualStudioVersion = 17.2.32526.322
MinimumVisualStudioVersion = 10.0.40219.1
Project("{2150E333-8FDC-42A3-9474-1A3956D46DE8}") = "Presentation", "Presentation", "{60B9FF13-74D1-4573-B2EB-60679C8A3338}"
	ProjectSection(SolutionItems) = preProject
		Class3.cs = Class3.cs
	EndProjectSection
EndProject
Project("{2150E333-8FDC-42A3-9474-1A3956D46DE8}") = "Testing", "Testing", "{55C068AE-7000-4C7F-9A74-03F405092690}"
	ProjectSection(SolutionItems) = preProject
		Class2.cs = Class2.cs
	EndProjectSection
EndProject
Project("{2150E333-8FDC-42A3-9474-1A3956D46DE8}") = "Library", "Library", "{EC8A565B-4396-447A-BDC5-21ED9A1A7F96}"
EndProject
Project("{FAE04EC0-301F-11D3-BF4B-00C04F79EFBC}") = "MagazineLib", "ClassLibrary\MagazineLib.csproj", "{023F5C15-153C-4B2B-BC44-2E00FC35869B}"
EndProject
Project("{FAE04EC0-301F-11D3-BF4B-00C04F79EFBC}") = "MagazineObjectDesignTests", "MagazineObjectDesignTests\MagazineObjectDesignTests.csproj", "{4011CF53-3F2A-4236-8013-3531C2160163}"
EndProject
Project("{FAE04EC0-301F-11D3-BF4B-00C04F79EFBC}") = "MagazinePersistenceTests", "MagazinePersistenceTests\MagazinePersistenceTests.csproj", "{54877077-11BB-48B1-BC83-F287F137CF21}"
EndProject
Project("{FAE04EC0-301F-11D3-BF4B-00C04F79EFBC}") = "DBTest", "DBTest\DBTest.csproj", "{7A34B489-87E1-4918-943F-1995F76CCE24}"
EndProject
Project("{FAE04EC0-301F-11D3-BF4B-00C04F79EFBC}") = "MereketengueIGU", "MereketengueIGU\MereketengueIGU.csproj", "{DF5370F5-29D8-4EE6-B726-926DCD5F0465}"
EndProject
Global
	GlobalSection(SolutionConfigurationPlatforms) = preSolution
		Debug|Any CPU = Debug|Any CPU
		Release|Any CPU = Release|Any CPU
	EndGlobalSection
	GlobalSection(ProjectConfigurationPlatforms) = postSolution
		{023F5C15-153C-4B2B-BC44-2E00FC35869B}.Debug|Any CPU.ActiveCfg = Debug|Any CPU
		{023F5C15-153C-4B2B-BC44-2E00FC35869B}.Debug|Any CPU.Build.0 = Debug|Any CPU
		{023F5C15-153C-4B2B-BC44-2E00FC35869B}.Release|Any CPU.ActiveCfg = Release|Any CPU
		{023F5C15-153C-4B2B-BC44-2E00FC35869B}.Release|Any CPU.Build.0 = Release|Any CPU
		{4011CF53-3F2A-4236-8013-3531C2160163}.Debug|Any CPU.ActiveCfg = Debug|Any CPU
		{4011CF53-3F2A-4236-8013-3531C2160163}.Debug|Any CPU.Build.0 = Debug|Any CPU
		{4011CF53-3F2A-4236-8013-3531C2160163}.Release|Any CPU.ActiveCfg = Release|Any CPU
		{4011CF53-3F2A-4236-8013-3531C2160163}.Release|Any CPU.Build.0 = Release|Any CPU
		{54877077-11BB-48B1-BC83-F287F137CF21}.Debug|Any CPU.ActiveCfg = Debug|Any CPU
		{54877077-11BB-48B1-BC83-F287F137CF21}.Debug|Any CPU.Build.0 = Debug|Any CPU
		{54877077-11BB-48B1-BC83-F287F137CF21}.Release|Any CPU.ActiveCfg = Release|Any CPU
		{54877077-11BB-48B1-BC83-F287F137CF21}.Release|Any CPU.Build.0 = Release|Any CPU
		{7A34B489-87E1-4918-943F-1995F76CCE24}.Debug|Any CPU.ActiveCfg = Debug|Any CPU
		{7A34B489-87E1-4918-943F-1995F76CCE24}.Debug|Any CPU.Build.0 = Debug|Any CPU
		{7A34B489-87E1-4918-943F-1995F76CCE24}.Release|Any CPU.ActiveCfg = Release|Any CPU
		{7A34B489-87E1-4918-943F-1995F76CCE24}.Release|Any CPU.Build.0 = Release|Any CPU
		{DF5370F5-29D8-4EE6-B726-926DCD5F0465}.Debug|Any CPU.ActiveCfg = Debug|Any CPU
		{DF5370F5-29D8-4EE6-B726-926DCD5F0465}.Debug|Any CPU.Build.0 = Debug|Any CPU
		{DF5370F5-29D8-4EE6-B726-926DCD5F0465}.Release|Any CPU.ActiveCfg = Release|Any CPU
		{DF5370F5-29D8-4EE6-B726-926DCD5F0465}.Release|Any CPU.Build.0 = Release|Any CPU
	EndGlobalSection
	GlobalSection(SolutionProperties) = preSolution
		HideSolutionNode = FALSE
	EndGlobalSection
	GlobalSection(NestedProjects) = preSolution
		{023F5C15-153C-4B2B-BC44-2E00FC35869B} = {EC8A565B-4396-447A-BDC5-21ED9A1A7F96}
		{4011CF53-3F2A-4236-8013-3531C2160163} = {55C068AE-7000-4C7F-9A74-03F405092690}
		{54877077-11BB-48B1-BC83-F287F137CF21} = {55C068AE-7000-4C7F-9A74-03F405092690}
		{7A34B489-87E1-4918-943F-1995F76CCE24} = {55C068AE-7000-4C7F-9A74-03F405092690}
	EndGlobalSection
	GlobalSection(ExtensibilityGlobals) = postSolution
		SolutionGuid = {E022E9DE-C3A2-4103-A088-5FBD3F624851}
	EndGlobalSection
EndGlobal
